// !$*UTF8*$!
{
	archiveVersion = 1;
	classes = {
	};
	objectVersion = 56;
	objects = {

/* Begin PBXBuildFile section */
		5262F8A32B63B7E600EE26D3 /* CustomContentView.swift in Sources */ = {isa = PBXBuildFile; fileRef = 5262F8A22B63B7E600EE26D3 /* CustomContentView.swift */; };
		5262F8A82B63F29E00EE26D3 /* ViewModel.swift in Sources */ = {isa = PBXBuildFile; fileRef = 5262F8A72B63F29E00EE26D3 /* ViewModel.swift */; };
		5262F8B32B67A40200EE26D3 /* Songs.json in Resources */ = {isa = PBXBuildFile; fileRef = 5262F8B22B67A40200EE26D3 /* Songs.json */; };
		52ED74462B61309000E04C3E /* CoreDataWorkshopAppApp.swift in Sources */ = {isa = PBXBuildFile; fileRef = 52ED74452B61309000E04C3E /* CoreDataWorkshopAppApp.swift */; };
		52ED74482B61309000E04C3E /* Persistence.swift in Sources */ = {isa = PBXBuildFile; fileRef = 52ED74472B61309000E04C3E /* Persistence.swift */; };
		52ED744B2B61309000E04C3E /* CoreDataWorkshopApp.xcdatamodeld in Sources */ = {isa = PBXBuildFile; fileRef = 52ED74492B61309000E04C3E /* CoreDataWorkshopApp.xcdatamodeld */; };
		52ED744D2B61309000E04C3E /* BasicContentView.swift in Sources */ = {isa = PBXBuildFile; fileRef = 52ED744C2B61309000E04C3E /* BasicContentView.swift */; };
		52ED744F2B61309100E04C3E /* Assets.xcassets in Resources */ = {isa = PBXBuildFile; fileRef = 52ED744E2B61309100E04C3E /* Assets.xcassets */; };
		52ED74532B61309100E04C3E /* Preview Assets.xcassets in Resources */ = {isa = PBXBuildFile; fileRef = 52ED74522B61309100E04C3E /* Preview Assets.xcassets */; };
		52ED745B2B6131A700E04C3E /* CoreDataStorage.swift in Sources */ = {isa = PBXBuildFile; fileRef = 52ED745A2B6131A700E04C3E /* CoreDataStorage.swift */; };
		52ED745D2B61320C00E04C3E /* Entities.swift in Sources */ = {isa = PBXBuildFile; fileRef = 52ED745C2B61320C00E04C3E /* Entities.swift */; };
		52ED745F2B61366A00E04C3E /* CoreDataStack.swift in Sources */ = {isa = PBXBuildFile; fileRef = 52ED745E2B61366A00E04C3E /* CoreDataStack.swift */; };
/* End PBXBuildFile section */

/* Begin PBXFileReference section */
		5262F8A22B63B7E600EE26D3 /* CustomContentView.swift */ = {isa = PBXFileReference; lastKnownFileType = sourcecode.swift; path = CustomContentView.swift; sourceTree = "<group>"; };
		5262F8A72B63F29E00EE26D3 /* ViewModel.swift */ = {isa = PBXFileReference; lastKnownFileType = sourcecode.swift; path = ViewModel.swift; sourceTree = "<group>"; };
		5262F8B22B67A40200EE26D3 /* Songs.json */ = {isa = PBXFileReference; fileEncoding = 4; lastKnownFileType = text.json; path = Songs.json; sourceTree = "<group>"; };
		52ED74422B61309000E04C3E /* CoreDataWorkshopApp.app */ = {isa = PBXFileReference; explicitFileType = wrapper.application; includeInIndex = 0; path = CoreDataWorkshopApp.app; sourceTree = BUILT_PRODUCTS_DIR; };
		52ED74452B61309000E04C3E /* CoreDataWorkshopAppApp.swift */ = {isa = PBXFileReference; lastKnownFileType = sourcecode.swift; path = CoreDataWorkshopAppApp.swift; sourceTree = "<group>"; };
		52ED74472B61309000E04C3E /* Persistence.swift */ = {isa = PBXFileReference; lastKnownFileType = sourcecode.swift; path = Persistence.swift; sourceTree = "<group>"; };
		52ED744A2B61309000E04C3E /* CoreDataWorkshopApp.xcdatamodel */ = {isa = PBXFileReference; lastKnownFileType = wrapper.xcdatamodel; path = CoreDataWorkshopApp.xcdatamodel; sourceTree = "<group>"; };
		52ED744C2B61309000E04C3E /* BasicContentView.swift */ = {isa = PBXFileReference; lastKnownFileType = sourcecode.swift; path = BasicContentView.swift; sourceTree = "<group>"; };
		52ED744E2B61309100E04C3E /* Assets.xcassets */ = {isa = PBXFileReference; lastKnownFileType = folder.assetcatalog; path = Assets.xcassets; sourceTree = "<group>"; };
		52ED74502B61309100E04C3E /* CoreDataWorkshopApp.entitlements */ = {isa = PBXFileReference; lastKnownFileType = text.plist.entitlements; path = CoreDataWorkshopApp.entitlements; sourceTree = "<group>"; };
		52ED74522B61309100E04C3E /* Preview Assets.xcassets */ = {isa = PBXFileReference; lastKnownFileType = folder.assetcatalog; path = "Preview Assets.xcassets"; sourceTree = "<group>"; };
		52ED745A2B6131A700E04C3E /* CoreDataStorage.swift */ = {isa = PBXFileReference; lastKnownFileType = sourcecode.swift; path = CoreDataStorage.swift; sourceTree = "<group>"; };
		52ED745C2B61320C00E04C3E /* Entities.swift */ = {isa = PBXFileReference; lastKnownFileType = sourcecode.swift; path = Entities.swift; sourceTree = "<group>"; };
		52ED745E2B61366A00E04C3E /* CoreDataStack.swift */ = {isa = PBXFileReference; lastKnownFileType = sourcecode.swift; path = CoreDataStack.swift; sourceTree = "<group>"; };
/* End PBXFileReference section */

/* Begin PBXFrameworksBuildPhase section */
		52ED743F2B61309000E04C3E /* Frameworks */ = {
			isa = PBXFrameworksBuildPhase;
			buildActionMask = 2147483647;
			files = (
			);
			runOnlyForDeploymentPostprocessing = 0;
		};
/* End PBXFrameworksBuildPhase section */

/* Begin PBXGroup section */
		5262F8A42B63B7EA00EE26D3 /* Views */ = {
			isa = PBXGroup;
			children = (
				5262F8A22B63B7E600EE26D3 /* CustomContentView.swift */,
			);
			path = Views;
			sourceTree = "<group>";
		};
		5262F8A52B63B7FD00EE26D3 /* Basic */ = {
			isa = PBXGroup;
			children = (
				52ED744C2B61309000E04C3E /* BasicContentView.swift */,
				52ED74472B61309000E04C3E /* Persistence.swift */,
			);
			path = Basic;
			sourceTree = "<group>";
		};
		5262F8A62B63B80B00EE26D3 /* Custom */ = {
			isa = PBXGroup;
			children = (
				5262F8A42B63B7EA00EE26D3 /* Views */,
				52ED74592B61319500E04C3E /* Model */,
				5262F8A72B63F29E00EE26D3 /* ViewModel.swift */,
			);
			path = Custom;
			sourceTree = "<group>";
		};
		52ED74392B61309000E04C3E = {
			isa = PBXGroup;
			children = (
				52ED74442B61309000E04C3E /* CoreDataWorkshopApp */,
				52ED74432B61309000E04C3E /* Products */,
			);
			sourceTree = "<group>";
		};
		52ED74432B61309000E04C3E /* Products */ = {
			isa = PBXGroup;
			children = (
				52ED74422B61309000E04C3E /* CoreDataWorkshopApp.app */,
			);
			name = Products;
			sourceTree = "<group>";
		};
		52ED74442B61309000E04C3E /* CoreDataWorkshopApp */ = {
			isa = PBXGroup;
			children = (
				5262F8B22B67A40200EE26D3 /* Songs.json */,
				5262F8A62B63B80B00EE26D3 /* Custom */,
				5262F8A52B63B7FD00EE26D3 /* Basic */,
				52ED74452B61309000E04C3E /* CoreDataWorkshopAppApp.swift */,
				52ED744E2B61309100E04C3E /* Assets.xcassets */,
				52ED74502B61309100E04C3E /* CoreDataWorkshopApp.entitlements */,
				52ED74492B61309000E04C3E /* CoreDataWorkshopApp.xcdatamodeld */,
				52ED74512B61309100E04C3E /* Preview Content */,
			);
			path = CoreDataWorkshopApp;
			sourceTree = "<group>";
		};
		52ED74512B61309100E04C3E /* Preview Content */ = {
			isa = PBXGroup;
			children = (
				52ED74522B61309100E04C3E /* Preview Assets.xcassets */,
			);
			path = "Preview Content";
			sourceTree = "<group>";
		};
		52ED74592B61319500E04C3E /* Model */ = {
			isa = PBXGroup;
			children = (
				52ED745A2B6131A700E04C3E /* CoreDataStorage.swift */,
				52ED745C2B61320C00E04C3E /* Entities.swift */,
				52ED745E2B61366A00E04C3E /* CoreDataStack.swift */,
			);
			path = Model;
			sourceTree = "<group>";
		};
/* End PBXGroup section */

/* Begin PBXNativeTarget section */
		52ED74412B61309000E04C3E /* CoreDataWorkshopApp */ = {
			isa = PBXNativeTarget;
			buildConfigurationList = 52ED74562B61309100E04C3E /* Build configuration list for PBXNativeTarget "CoreDataWorkshopApp" */;
			buildPhases = (
				52ED743E2B61309000E04C3E /* Sources */,
				52ED743F2B61309000E04C3E /* Frameworks */,
				52ED74402B61309000E04C3E /* Resources */,
			);
			buildRules = (
			);
			dependencies = (
			);
			name = CoreDataWorkshopApp;
			productName = CoreDataWorkshopApp;
			productReference = 52ED74422B61309000E04C3E /* CoreDataWorkshopApp.app */;
			productType = "com.apple.product-type.application";
		};
/* End PBXNativeTarget section */

/* Begin PBXProject section */
		52ED743A2B61309000E04C3E /* Project object */ = {
			isa = PBXProject;
			attributes = {
				BuildIndependentTargetsInParallel = 1;
				LastSwiftUpdateCheck = 1520;
				LastUpgradeCheck = 1520;
				TargetAttributes = {
					52ED74412B61309000E04C3E = {
						CreatedOnToolsVersion = 15.2;
					};
				};
			};
			buildConfigurationList = 52ED743D2B61309000E04C3E /* Build configuration list for PBXProject "CoreDataWorkshopApp" */;
			compatibilityVersion = "Xcode 14.0";
			developmentRegion = en;
			hasScannedForEncodings = 0;
			knownRegions = (
				en,
				Base,
			);
			mainGroup = 52ED74392B61309000E04C3E;
			productRefGroup = 52ED74432B61309000E04C3E /* Products */;
			projectDirPath = "";
			projectRoot = "";
			targets = (
				52ED74412B61309000E04C3E /* CoreDataWorkshopApp */,
			);
		};
/* End PBXProject section */

/* Begin PBXResourcesBuildPhase section */
		52ED74402B61309000E04C3E /* Resources */ = {
			isa = PBXResourcesBuildPhase;
			buildActionMask = 2147483647;
			files = (
				52ED74532B61309100E04C3E /* Preview Assets.xcassets in Resources */,
				5262F8B32B67A40200EE26D3 /* Songs.json in Resources */,
				52ED744F2B61309100E04C3E /* Assets.xcassets in Resources */,
			);
			runOnlyForDeploymentPostprocessing = 0;
		};
/* End PBXResourcesBuildPhase section */

/* Begin PBXSourcesBuildPhase section */
		52ED743E2B61309000E04C3E /* Sources */ = {
			isa = PBXSourcesBuildPhase;
			buildActionMask = 2147483647;
			files = (
				52ED745F2B61366A00E04C3E /* CoreDataStack.swift in Sources */,
				5262F8A82B63F29E00EE26D3 /* ViewModel.swift in Sources */,
				52ED745D2B61320C00E04C3E /* Entities.swift in Sources */,
				52ED744B2B61309000E04C3E /* CoreDataWorkshopApp.xcdatamodeld in Sources */,
				5262F8A32B63B7E600EE26D3 /* CustomContentView.swift in Sources */,
				52ED74462B61309000E04C3E /* CoreDataWorkshopAppApp.swift in Sources */,
				52ED745B2B6131A700E04C3E /* CoreDataStorage.swift in Sources */,
				52ED744D2B61309000E04C3E /* BasicContentView.swift in Sources */,
				52ED74482B61309000E04C3E /* Persistence.swift in Sources */,
			);
			runOnlyForDeploymentPostprocessing = 0;
		};
/* End PBXSourcesBuildPhase section */

/* Begin XCBuildConfiguration section */
		52ED74542B61309100E04C3E /* Debug */ = {
			isa = XCBuildConfiguration;
			buildSettings = {
				ALWAYS_SEARCH_USER_PATHS = NO;
				ASSETCATALOG_COMPILER_GENERATE_SWIFT_ASSET_SYMBOL_EXTENSIONS = YES;
				CLANG_ANALYZER_NONNULL = YES;
				CLANG_ANALYZER_NUMBER_OBJECT_CONVERSION = YES_AGGRESSIVE;
				CLANG_CXX_LANGUAGE_STANDARD = "gnu++20";
				CLANG_ENABLE_MODULES = YES;
				CLANG_ENABLE_OBJC_ARC = YES;
				CLANG_ENABLE_OBJC_WEAK = YES;
				CLANG_WARN_BLOCK_CAPTURE_AUTORELEASING = YES;
				CLANG_WARN_BOOL_CONVERSION = YES;
				CLANG_WARN_COMMA = YES;
				CLANG_WARN_CONSTANT_CONVERSION = YES;
				CLANG_WARN_DEPRECATED_OBJC_IMPLEMENTATIONS = YES;
				CLANG_WARN_DIRECT_OBJC_ISA_USAGE = YES_ERROR;
				CLANG_WARN_DOCUMENTATION_COMMENTS = YES;
				CLANG_WARN_EMPTY_BODY = YES;
				CLANG_WARN_ENUM_CONVERSION = YES;
				CLANG_WARN_INFINITE_RECURSION = YES;
				CLANG_WARN_INT_CONVERSION = YES;
				CLANG_WARN_NON_LITERAL_NULL_CONVERSION = YES;
				CLANG_WARN_OBJC_IMPLICIT_RETAIN_SELF = YES;
				CLANG_WARN_OBJC_LITERAL_CONVERSION = YES;
				CLANG_WARN_OBJC_ROOT_CLASS = YES_ERROR;
				CLANG_WARN_QUOTED_INCLUDE_IN_FRAMEWORK_HEADER = YES;
				CLANG_WARN_RANGE_LOOP_ANALYSIS = YES;
				CLANG_WARN_STRICT_PROTOTYPES = YES;
				CLANG_WARN_SUSPICIOUS_MOVE = YES;
				CLANG_WARN_UNGUARDED_AVAILABILITY = YES_AGGRESSIVE;
				CLANG_WARN_UNREACHABLE_CODE = YES;
				CLANG_WARN__DUPLICATE_METHOD_MATCH = YES;
				COPY_PHASE_STRIP = NO;
				DEBUG_INFORMATION_FORMAT = dwarf;
				ENABLE_STRICT_OBJC_MSGSEND = YES;
				ENABLE_TESTABILITY = YES;
				ENABLE_USER_SCRIPT_SANDBOXING = YES;
				GCC_C_LANGUAGE_STANDARD = gnu17;
				GCC_DYNAMIC_NO_PIC = NO;
				GCC_NO_COMMON_BLOCKS = YES;
				GCC_OPTIMIZATION_LEVEL = 0;
				GCC_PREPROCESSOR_DEFINITIONS = (
					"DEBUG=1",
					"$(inherited)",
				);
				GCC_WARN_64_TO_32_BIT_CONVERSION = YES;
				GCC_WARN_ABOUT_RETURN_TYPE = YES_ERROR;
				GCC_WARN_UNDECLARED_SELECTOR = YES;
				GCC_WARN_UNINITIALIZED_AUTOS = YES_AGGRESSIVE;
				GCC_WARN_UNUSED_FUNCTION = YES;
				GCC_WARN_UNUSED_VARIABLE = YES;
				LOCALIZATION_PREFERS_STRING_CATALOGS = YES;
				MTL_ENABLE_DEBUG_INFO = INCLUDE_SOURCE;
				MTL_FAST_MATH = YES;
				ONLY_ACTIVE_ARCH = YES;
				SWIFT_ACTIVE_COMPILATION_CONDITIONS = "DEBUG $(inherited)";
				SWIFT_OPTIMIZATION_LEVEL = "-Onone";
			};
			name = Debug;
		};
		52ED74552B61309100E04C3E /* Release */ = {
			isa = XCBuildConfiguration;
			buildSettings = {
				ALWAYS_SEARCH_USER_PATHS = NO;
				ASSETCATALOG_COMPILER_GENERATE_SWIFT_ASSET_SYMBOL_EXTENSIONS = YES;
				CLANG_ANALYZER_NONNULL = YES;
				CLANG_ANALYZER_NUMBER_OBJECT_CONVERSION = YES_AGGRESSIVE;
				CLANG_CXX_LANGUAGE_STANDARD = "gnu++20";
				CLANG_ENABLE_MODULES = YES;
				CLANG_ENABLE_OBJC_ARC = YES;
				CLANG_ENABLE_OBJC_WEAK = YES;
				CLANG_WARN_BLOCK_CAPTURE_AUTORELEASING = YES;
				CLANG_WARN_BOOL_CONVERSION = YES;
				CLANG_WARN_COMMA = YES;
				CLANG_WARN_CONSTANT_CONVERSION = YES;
				CLANG_WARN_DEPRECATED_OBJC_IMPLEMENTATIONS = YES;
				CLANG_WARN_DIRECT_OBJC_ISA_USAGE = YES_ERROR;
				CLANG_WARN_DOCUMENTATION_COMMENTS = YES;
				CLANG_WARN_EMPTY_BODY = YES;
				CLANG_WARN_ENUM_CONVERSION = YES;
				CLANG_WARN_INFINITE_RECURSION = YES;
				CLANG_WARN_INT_CONVERSION = YES;
				CLANG_WARN_NON_LITERAL_NULL_CONVERSION = YES;
				CLANG_WARN_OBJC_IMPLICIT_RETAIN_SELF = YES;
				CLANG_WARN_OBJC_LITERAL_CONVERSION = YES;
				CLANG_WARN_OBJC_ROOT_CLASS = YES_ERROR;
				CLANG_WARN_QUOTED_INCLUDE_IN_FRAMEWORK_HEADER = YES;
				CLANG_WARN_RANGE_LOOP_ANALYSIS = YES;
				CLANG_WARN_STRICT_PROTOTYPES = YES;
				CLANG_WARN_SUSPICIOUS_MOVE = YES;
				CLANG_WARN_UNGUARDED_AVAILABILITY = YES_AGGRESSIVE;
				CLANG_WARN_UNREACHABLE_CODE = YES;
				CLANG_WARN__DUPLICATE_METHOD_MATCH = YES;
				COPY_PHASE_STRIP = NO;
				DEBUG_INFORMATION_FORMAT = "dwarf-with-dsym";
				ENABLE_NS_ASSERTIONS = NO;
				ENABLE_STRICT_OBJC_MSGSEND = YES;
				ENABLE_USER_SCRIPT_SANDBOXING = YES;
				GCC_C_LANGUAGE_STANDARD = gnu17;
				GCC_NO_COMMON_BLOCKS = YES;
				GCC_WARN_64_TO_32_BIT_CONVERSION = YES;
				GCC_WARN_ABOUT_RETURN_TYPE = YES_ERROR;
				GCC_WARN_UNDECLARED_SELECTOR = YES;
				GCC_WARN_UNINITIALIZED_AUTOS = YES_AGGRESSIVE;
				GCC_WARN_UNUSED_FUNCTION = YES;
				GCC_WARN_UNUSED_VARIABLE = YES;
				LOCALIZATION_PREFERS_STRING_CATALOGS = YES;
				MTL_ENABLE_DEBUG_INFO = NO;
				MTL_FAST_MATH = YES;
				SWIFT_COMPILATION_MODE = wholemodule;
			};
			name = Release;
		};
		52ED74572B61309100E04C3E /* Debug */ = {
			isa = XCBuildConfiguration;
			buildSettings = {
				ASSETCATALOG_COMPILER_APPICON_NAME = AppIcon;
				ASSETCATALOG_COMPILER_GLOBAL_ACCENT_COLOR_NAME = AccentColor;
				CODE_SIGN_ENTITLEMENTS = CoreDataWorkshopApp/CoreDataWorkshopApp.entitlements;
				CODE_SIGN_STYLE = Automatic;
				CURRENT_PROJECT_VERSION = 1;
				DEVELOPMENT_ASSET_PATHS = "\"CoreDataWorkshopApp/Preview Content\"";
				DEVELOPMENT_TEAM = JGSX8P77CL;
				ENABLE_HARDENED_RUNTIME = YES;
				ENABLE_PREVIEWS = YES;
				GENERATE_INFOPLIST_FILE = YES;
				"INFOPLIST_KEY_UIApplicationSceneManifest_Generation[sdk=iphoneos*]" = YES;
				"INFOPLIST_KEY_UIApplicationSceneManifest_Generation[sdk=iphonesimulator*]" = YES;
				"INFOPLIST_KEY_UIApplicationSupportsIndirectInputEvents[sdk=iphoneos*]" = YES;
				"INFOPLIST_KEY_UIApplicationSupportsIndirectInputEvents[sdk=iphonesimulator*]" = YES;
				"INFOPLIST_KEY_UILaunchScreen_Generation[sdk=iphoneos*]" = YES;
				"INFOPLIST_KEY_UILaunchScreen_Generation[sdk=iphonesimulator*]" = YES;
				"INFOPLIST_KEY_UIStatusBarStyle[sdk=iphoneos*]" = UIStatusBarStyleDefault;
				"INFOPLIST_KEY_UIStatusBarStyle[sdk=iphonesimulator*]" = UIStatusBarStyleDefault;
				INFOPLIST_KEY_UISupportedInterfaceOrientations_iPad = "UIInterfaceOrientationPortrait UIInterfaceOrientationPortraitUpsideDown UIInterfaceOrientationLandscapeLeft UIInterfaceOrientationLandscapeRight";
				INFOPLIST_KEY_UISupportedInterfaceOrientations_iPhone = "UIInterfaceOrientationPortrait UIInterfaceOrientationLandscapeLeft UIInterfaceOrientationLandscapeRight";
				IPHONEOS_DEPLOYMENT_TARGET = 17.2;
				LD_RUNPATH_SEARCH_PATHS = "@executable_path/Frameworks";
				"LD_RUNPATH_SEARCH_PATHS[sdk=macosx*]" = "@executable_path/../Frameworks";
				MACOSX_DEPLOYMENT_TARGET = 13.6;
				MARKETING_VERSION = 1.0;
				PRODUCT_BUNDLE_IDENTIFIER = com.customertimes.CoreDataWorkshopApp;
				PRODUCT_NAME = "$(TARGET_NAME)";
				SDKROOT = auto;
				SUPPORTED_PLATFORMS = "iphoneos iphonesimulator";
				SUPPORTS_MACCATALYST = NO;
				SUPPORTS_MAC_DESIGNED_FOR_IPHONE_IPAD = NO;
				SWIFT_EMIT_LOC_STRINGS = YES;
				SWIFT_VERSION = 5.0;
				TARGETED_DEVICE_FAMILY = "1,2";
			};
			name = Debug;
		};
		52ED74582B61309100E04C3E /* Release */ = {
			isa = XCBuildConfiguration;
			buildSettings = {
				ASSETCATALOG_COMPILER_APPICON_NAME = AppIcon;
				ASSETCATALOG_COMPILER_GLOBAL_ACCENT_COLOR_NAME = AccentColor;
				CODE_SIGN_ENTITLEMENTS = CoreDataWorkshopApp/CoreDataWorkshopApp.entitlements;
				CODE_SIGN_STYLE = Automatic;
				CURRENT_PROJECT_VERSION = 1;
				DEVELOPMENT_ASSET_PATHS = "\"CoreDataWorkshopApp/Preview Content\"";
				DEVELOPMENT_TEAM = JGSX8P77CL;
				ENABLE_HARDENED_RUNTIME = YES;
				ENABLE_PREVIEWS = YES;
				GENERATE_INFOPLIST_FILE = YES;
				"INFOPLIST_KEY_UIApplicationSceneManifest_Generation[sdk=iphoneos*]" = YES;
				"INFOPLIST_KEY_UIApplicationSceneManifest_Generation[sdk=iphonesimulator*]" = YES;
				"INFOPLIST_KEY_UIApplicationSupportsIndirectInputEvents[sdk=iphoneos*]" = YES;
				"INFOPLIST_KEY_UIApplicationSupportsIndirectInputEvents[sdk=iphonesimulator*]" = YES;
				"INFOPLIST_KEY_UILaunchScreen_Generation[sdk=iphoneos*]" = YES;
				"INFOPLIST_KEY_UILaunchScreen_Generation[sdk=iphonesimulator*]" = YES;
				"INFOPLIST_KEY_UIStatusBarStyle[sdk=iphoneos*]" = UIStatusBarStyleDefault;
				"INFOPLIST_KEY_UIStatusBarStyle[sdk=iphonesimulator*]" = UIStatusBarStyleDefault;
				INFOPLIST_KEY_UISupportedInterfaceOrientations_iPad = "UIInterfaceOrientationPortrait UIInterfaceOrientationPortraitUpsideDown UIInterfaceOrientationLandscapeLeft UIInterfaceOrientationLandscapeRight";
				INFOPLIST_KEY_UISupportedInterfaceOrientations_iPhone = "UIInterfaceOrientationPortrait UIInterfaceOrientationLandscapeLeft UIInterfaceOrientationLandscapeRight";
				IPHONEOS_DEPLOYMENT_TARGET = 17.2;
				LD_RUNPATH_SEARCH_PATHS = "@executable_path/Frameworks";
				"LD_RUNPATH_SEARCH_PATHS[sdk=macosx*]" = "@executable_path/../Frameworks";
				MACOSX_DEPLOYMENT_TARGET = 13.6;
				MARKETING_VERSION = 1.0;
				PRODUCT_BUNDLE_IDENTIFIER = com.customertimes.CoreDataWorkshopApp;
				PRODUCT_NAME = "$(TARGET_NAME)";
				SDKROOT = auto;
				SUPPORTED_PLATFORMS = "iphoneos iphonesimulator";
				SUPPORTS_MACCATALYST = NO;
				SUPPORTS_MAC_DESIGNED_FOR_IPHONE_IPAD = NO;
				SWIFT_EMIT_LOC_STRINGS = YES;
				SWIFT_VERSION = 5.0;
				TARGETED_DEVICE_FAMILY = "1,2";
			};
			name = Release;
		};
/* End XCBuildConfiguration section */

/* Begin XCConfigurationList section */
		52ED743D2B61309000E04C3E /* Build configuration list for PBXProject "CoreDataWorkshopApp" */ = {
			isa = XCConfigurationList;
			buildConfigurations = (
				52ED74542B61309100E04C3E /* Debug */,
				52ED74552B61309100E04C3E /* Release */,
			);
			defaultConfigurationIsVisible = 0;
			defaultConfigurationName = Release;
		};
		52ED74562B61309100E04C3E /* Build configuration list for PBXNativeTarget "CoreDataWorkshopApp" */ = {
			isa = XCConfigurationList;
			buildConfigurations = (
				52ED74572B61309100E04C3E /* Debug */,
				52ED74582B61309100E04C3E /* Release */,
			);
			defaultConfigurationIsVisible = 0;
			defaultConfigurationName = Release;
		};
/* End XCConfigurationList section */

/* Begin XCVersionGroup section */
		52ED74492B61309000E04C3E /* CoreDataWorkshopApp.xcdatamodeld */ = {
			isa = XCVersionGroup;
			children = (
				52ED744A2B61309000E04C3E /* CoreDataWorkshopApp.xcdatamodel */,
			);
			currentVersion = 52ED744A2B61309000E04C3E /* CoreDataWorkshopApp.xcdatamodel */;
			path = CoreDataWorkshopApp.xcdatamodeld;
			sourceTree = "<group>";
			versionGroupType = wrapper.xcdatamodel;
		};
/* End XCVersionGroup section */
	};
	rootObject = 52ED743A2B61309000E04C3E /* Project object */;
}
